
Microsoft Visual Studio Solution File, Format Version 12.00
# Visual Studio 14
VisualStudioVersion = 14.0.25420.1
MinimumVisualStudioVersion = 10.0.40219.1
Project("{FAE04EC0-301F-11D3-BF4B-00C04F79EFBC}") = "CLRdb", "CLRdb\CLRdb.csproj", "{A2B5113B-F25B-4756-8217-993C75D39A09}"
EndProject
Project("{8BB2217D-0F2D-49D1-97BC-3654ED321F3B}") = "CLRdb.Test", "CLRdb.Test\CLRdb.Test.xproj", "{2C7C770E-4259-4D25-AB66-6FACC46F5E79}"
EndProject
Project("{2150E333-8FDC-42A3-9474-1A3956D46DE8}") = "Solution Items", "Solution Items", "{1A28AE30-5E12-4CA5-B8D6-46C376AE61B3}"
	ProjectSection(SolutionItems) = preProject
		.travis.yml = .travis.yml
		LICENSE = LICENSE
		README.md = README.md
	EndProjectSection
EndProject
Global
	GlobalSection(SolutionConfigurationPlatforms) = preSolution
		Debug|Any CPU = Debug|Any CPU
		Release|Any CPU = Release|Any CPU
	EndGlobalSection
	GlobalSection(ProjectConfigurationPlatforms) = postSolution
		{A2B5113B-F25B-4756-8217-993C75D39A09}.Debug|Any CPU.ActiveCfg = Debug|Any CPU
		{A2B5113B-F25B-4756-8217-993C75D39A09}.Debug|Any CPU.Build.0 = Debug|Any CPU
		{A2B5113B-F25B-4756-8217-993C75D39A09}.Release|Any CPU.ActiveCfg = Release|Any CPU
		{A2B5113B-F25B-4756-8217-993C75D39A09}.Release|Any CPU.Build.0 = Release|Any CPU
		{2C7C770E-4259-4D25-AB66-6FACC46F5E79}.Debug|Any CPU.ActiveCfg = Debug|Any CPU
		{2C7C770E-4259-4D25-AB66-6FACC46F5E79}.Debug|Any CPU.Build.0 = Debug|Any CPU
		{2C7C770E-4259-4D25-AB66-6FACC46F5E79}.Release|Any CPU.ActiveCfg = Release|Any CPU
		{2C7C770E-4259-4D25-AB66-6FACC46F5E79}.Release|Any CPU.Build.0 = Release|Any CPU
	EndGlobalSection
	GlobalSection(SolutionProperties) = preSolution
		HideSolutionNode = FALSE
	EndGlobalSection
EndGlobal
